// !$*UTF8*$!
{
	archiveVersion = 1;
	classes = {
	};
	objectVersion = 55;
	objects = {

/* Begin PBXBuildFile section */
		358CC7862871ECFC008D775F /* AppDelegate.swift in Sources */ = {isa = PBXBuildFile; fileRef = 358CC7852871ECFC008D775F /* AppDelegate.swift */; };
		358CC78D2871ECFC008D775F /* Main.storyboard in Resources */ = {isa = PBXBuildFile; fileRef = 358CC78B2871ECFC008D775F /* Main.storyboard */; };
		358CC78F2871ECFE008D775F /* Assets.xcassets in Resources */ = {isa = PBXBuildFile; fileRef = 358CC78E2871ECFE008D775F /* Assets.xcassets */; };
		358CC7922871ECFE008D775F /* LaunchScreen.storyboard in Resources */ = {isa = PBXBuildFile; fileRef = 358CC7902871ECFE008D775F /* LaunchScreen.storyboard */; };
		358CC79E2871F3C7008D775F /* FirstViewController.swift in Sources */ = {isa = PBXBuildFile; fileRef = 358CC79D2871F3C7008D775F /* FirstViewController.swift */; };
		358CC7A02871F3EE008D775F /* SecondViewController.swift in Sources */ = {isa = PBXBuildFile; fileRef = 358CC79F2871F3EE008D775F /* SecondViewController.swift */; };
		358CC7A22871F405008D775F /* FourthViewController.swift in Sources */ = {isa = PBXBuildFile; fileRef = 358CC7A12871F405008D775F /* FourthViewController.swift */; };
		358CC7A72871F76C008D775F /* Strings.swift in Sources */ = {isa = PBXBuildFile; fileRef = 358CC7A62871F76C008D775F /* Strings.swift */; };
		35BAAE8D287893D80087F7F0 /* MainViewController.swift in Sources */ = {isa = PBXBuildFile; fileRef = 35BAAE8C287893D80087F7F0 /* MainViewController.swift */; };
		35BAAE90287896650087F7F0 /* MyAlbumCell.swift in Sources */ = {isa = PBXBuildFile; fileRef = 35BAAE8F287896650087F7F0 /* MyAlbumCell.swift */; };
		35BAAE922878975A0087F7F0 /* PeopleAndPlacesCell.swift in Sources */ = {isa = PBXBuildFile; fileRef = 35BAAE912878975A0087F7F0 /* PeopleAndPlacesCell.swift */; };
		35BAAE94287897C90087F7F0 /* MediafilesTypeCell.swift in Sources */ = {isa = PBXBuildFile; fileRef = 35BAAE93287897C90087F7F0 /* MediafilesTypeCell.swift */; };
		35BAAE97287898230087F7F0 /* HeadView.swift in Sources */ = {isa = PBXBuildFile; fileRef = 35BAAE96287898230087F7F0 /* HeadView.swift */; };
/* End PBXBuildFile section */

/* Begin PBXFileReference section */
		358CC7822871ECFC008D775F /* Photo Album Browser.app */ = {isa = PBXFileReference; explicitFileType = wrapper.application; includeInIndex = 0; path = "Photo Album Browser.app"; sourceTree = BUILT_PRODUCTS_DIR; };
		358CC7852871ECFC008D775F /* AppDelegate.swift */ = {isa = PBXFileReference; lastKnownFileType = sourcecode.swift; path = AppDelegate.swift; sourceTree = "<group>"; };
		358CC78C2871ECFC008D775F /* Base */ = {isa = PBXFileReference; lastKnownFileType = file.storyboard; name = Base; path = Base.lproj/Main.storyboard; sourceTree = "<group>"; };
		358CC78E2871ECFE008D775F /* Assets.xcassets */ = {isa = PBXFileReference; lastKnownFileType = folder.assetcatalog; path = Assets.xcassets; sourceTree = "<group>"; };
		358CC7912871ECFE008D775F /* Base */ = {isa = PBXFileReference; lastKnownFileType = file.storyboard; name = Base; path = Base.lproj/LaunchScreen.storyboard; sourceTree = "<group>"; };
		358CC7932871ECFE008D775F /* Info.plist */ = {isa = PBXFileReference; lastKnownFileType = text.plist.xml; path = Info.plist; sourceTree = "<group>"; };
		358CC79D2871F3C7008D775F /* FirstViewController.swift */ = {isa = PBXFileReference; lastKnownFileType = sourcecode.swift; path = FirstViewController.swift; sourceTree = "<group>"; };
		358CC79F2871F3EE008D775F /* SecondViewController.swift */ = {isa = PBXFileReference; lastKnownFileType = sourcecode.swift; path = SecondViewController.swift; sourceTree = "<group>"; };
		358CC7A12871F405008D775F /* FourthViewController.swift */ = {isa = PBXFileReference; lastKnownFileType = sourcecode.swift; path = FourthViewController.swift; sourceTree = "<group>"; };
		358CC7A62871F76C008D775F /* Strings.swift */ = {isa = PBXFileReference; lastKnownFileType = sourcecode.swift; path = Strings.swift; sourceTree = "<group>"; };
		35BAAE8C287893D80087F7F0 /* MainViewController.swift */ = {isa = PBXFileReference; lastKnownFileType = sourcecode.swift; path = MainViewController.swift; sourceTree = "<group>"; };
		35BAAE8F287896650087F7F0 /* MyAlbumCell.swift */ = {isa = PBXFileReference; lastKnownFileType = sourcecode.swift; path = MyAlbumCell.swift; sourceTree = "<group>"; };
		35BAAE912878975A0087F7F0 /* PeopleAndPlacesCell.swift */ = {isa = PBXFileReference; lastKnownFileType = sourcecode.swift; path = PeopleAndPlacesCell.swift; sourceTree = "<group>"; };
		35BAAE93287897C90087F7F0 /* MediafilesTypeCell.swift */ = {isa = PBXFileReference; lastKnownFileType = sourcecode.swift; path = MediafilesTypeCell.swift; sourceTree = "<group>"; };
		35BAAE96287898230087F7F0 /* HeadView.swift */ = {isa = PBXFileReference; lastKnownFileType = sourcecode.swift; path = HeadView.swift; sourceTree = "<group>"; };
/* End PBXFileReference section */

/* Begin PBXFrameworksBuildPhase section */
		358CC77F2871ECFC008D775F /* Frameworks */ = {
			isa = PBXFrameworksBuildPhase;
			buildActionMask = 2147483647;
			files = (
			);
			runOnlyForDeploymentPostprocessing = 0;
		};
/* End PBXFrameworksBuildPhase section */

/* Begin PBXGroup section */
		358CC7792871ECFC008D775F = {
			isa = PBXGroup;
			children = (
				358CC7842871ECFC008D775F /* Photo Album Browser */,
				358CC7832871ECFC008D775F /* Products */,
			);
			sourceTree = "<group>";
		};
		358CC7832871ECFC008D775F /* Products */ = {
			isa = PBXGroup;
			children = (
				358CC7822871ECFC008D775F /* Photo Album Browser.app */,
			);
			name = Products;
			sourceTree = "<group>";
		};
		358CC7842871ECFC008D775F /* Photo Album Browser */ = {
			isa = PBXGroup;
			children = (
				358CC79A2871F394008D775F /* OtherViewControllers */,
				358CC7992871F372008D775F /* MainCollectionViewController */,
				35BAAE8E287896490087F7F0 /* CellSetup */,
				35BAAE95287897FF0087F7F0 /* SupplementaryViews */,
				358CC7A52871F757008D775F /* Entity */,
				358CC7852871ECFC008D775F /* AppDelegate.swift */,
				358CC78B2871ECFC008D775F /* Main.storyboard */,
				358CC78E2871ECFE008D775F /* Assets.xcassets */,
				358CC7902871ECFE008D775F /* LaunchScreen.storyboard */,
				358CC7932871ECFE008D775F /* Info.plist */,
			);
			path = "Photo Album Browser";
			sourceTree = "<group>";
		};
		358CC7992871F372008D775F /* MainCollectionViewController */ = {
			isa = PBXGroup;
			children = (
				35BAAE8C287893D80087F7F0 /* MainViewController.swift */,
			);
			path = MainCollectionViewController;
			sourceTree = "<group>";
		};
		358CC79A2871F394008D775F /* OtherViewControllers */ = {
			isa = PBXGroup;
			children = (
				358CC79D2871F3C7008D775F /* FirstViewController.swift */,
				358CC79F2871F3EE008D775F /* SecondViewController.swift */,
				358CC7A12871F405008D775F /* FourthViewController.swift */,
			);
			path = OtherViewControllers;
			sourceTree = "<group>";
		};
		358CC7A52871F757008D775F /* Entity */ = {
			isa = PBXGroup;
			children = (
				358CC7A62871F76C008D775F /* Strings.swift */,
			);
			path = Entity;
			sourceTree = "<group>";
		};
		35BAAE8E287896490087F7F0 /* CellSetup */ = {
			isa = PBXGroup;
			children = (
				35BAAE8F287896650087F7F0 /* MyAlbumCell.swift */,
				35BAAE912878975A0087F7F0 /* PeopleAndPlacesCell.swift */,
				35BAAE93287897C90087F7F0 /* MediafilesTypeCell.swift */,
			);
			path = CellSetup;
			sourceTree = "<group>";
		};
		35BAAE95287897FF0087F7F0 /* SupplementaryViews */ = {
			isa = PBXGroup;
			children = (
				35BAAE96287898230087F7F0 /* HeadView.swift */,
			);
			path = SupplementaryViews;
			sourceTree = "<group>";
		};
/* End PBXGroup section */

/* Begin PBXNativeTarget section */
		358CC7812871ECFC008D775F /* Photo Album Browser */ = {
			isa = PBXNativeTarget;
			buildConfigurationList = 358CC7962871ECFE008D775F /* Build configuration list for PBXNativeTarget "Photo Album Browser" */;
			buildPhases = (
				358CC77E2871ECFC008D775F /* Sources */,
				358CC77F2871ECFC008D775F /* Frameworks */,
				358CC7802871ECFC008D775F /* Resources */,
			);
			buildRules = (
			);
			dependencies = (
			);
			name = "Photo Album Browser";
			productName = "Photo Album Browser";
			productReference = 358CC7822871ECFC008D775F /* Photo Album Browser.app */;
			productType = "com.apple.product-type.application";
		};
/* End PBXNativeTarget section */

/* Begin PBXProject section */
		358CC77A2871ECFC008D775F /* Project object */ = {
			isa = PBXProject;
			attributes = {
				BuildIndependentTargetsInParallel = 1;
				LastSwiftUpdateCheck = 1320;
				LastUpgradeCheck = 1320;
				TargetAttributes = {
					358CC7812871ECFC008D775F = {
						CreatedOnToolsVersion = 13.2.1;
					};
				};
			};
			buildConfigurationList = 358CC77D2871ECFC008D775F /* Build configuration list for PBXProject "Photo Album Browser" */;
			compatibilityVersion = "Xcode 13.0";
			developmentRegion = en;
			hasScannedForEncodings = 0;
			knownRegions = (
				en,
				Base,
			);
			mainGroup = 358CC7792871ECFC008D775F;
			productRefGroup = 358CC7832871ECFC008D775F /* Products */;
			projectDirPath = "";
			projectRoot = "";
			targets = (
				358CC7812871ECFC008D775F /* Photo Album Browser */,
			);
		};
/* End PBXProject section */

/* Begin PBXResourcesBuildPhase section */
		358CC7802871ECFC008D775F /* Resources */ = {
			isa = PBXResourcesBuildPhase;
			buildActionMask = 2147483647;
			files = (
				358CC7922871ECFE008D775F /* LaunchScreen.storyboard in Resources */,
				358CC78F2871ECFE008D775F /* Assets.xcassets in Resources */,
				358CC78D2871ECFC008D775F /* Main.storyboard in Resources */,
			);
			runOnlyForDeploymentPostprocessing = 0;
		};
/* End PBXResourcesBuildPhase section */

/* Begin PBXSourcesBuildPhase section */
		358CC77E2871ECFC008D775F /* Sources */ = {
			isa = PBXSourcesBuildPhase;
			buildActionMask = 2147483647;
			files = (
				35BAAE97287898230087F7F0 /* HeadView.swift in Sources */,
				35BAAE8D287893D80087F7F0 /* MainViewController.swift in Sources */,
				35BAAE90287896650087F7F0 /* MyAlbumCell.swift in Sources */,
				358CC7A22871F405008D775F /* FourthViewController.swift in Sources */,
				358CC7A02871F3EE008D775F /* SecondViewController.swift in Sources */,
				35BAAE922878975A0087F7F0 /* PeopleAndPlacesCell.swift in Sources */,
				35BAAE94287897C90087F7F0 /* MediafilesTypeCell.swift in Sources */,
				358CC79E2871F3C7008D775F /* FirstViewController.swift in Sources */,
				358CC7862871ECFC008D775F /* AppDelegate.swift in Sources */,
				358CC7A72871F76C008D775F /* Strings.swift in Sources */,
			);
			runOnlyForDeploymentPostprocessing = 0;
		};
/* End PBXSourcesBuildPhase section */

/* Begin PBXVariantGroup section */
		358CC78B2871ECFC008D775F /* Main.storyboard */ = {
			isa = PBXVariantGroup;
			children = (
				358CC78C2871ECFC008D775F /* Base */,
			);
			name = Main.storyboard;
			sourceTree = "<group>";
		};
		358CC7902871ECFE008D775F /* LaunchScreen.storyboard */ = {
			isa = PBXVariantGroup;
			children = (
				358CC7912871ECFE008D775F /* Base */,
			);
			name = LaunchScreen.storyboard;
			sourceTree = "<group>";
		};
/* End PBXVariantGroup section */

/* Begin XCBuildConfiguration section */
		358CC7942871ECFE008D775F /* Debug */ = {
			isa = XCBuildConfiguration;
			buildSettings = {
				ALWAYS_SEARCH_USER_PATHS = NO;
				CLANG_ANALYZER_NONNULL = YES;
				CLANG_ANALYZER_NUMBER_OBJECT_CONVERSION = YES_AGGRESSIVE;
				CLANG_CXX_LANGUAGE_STANDARD = "gnu++17";
				CLANG_CXX_LIBRARY = "libc++";
				CLANG_ENABLE_MODULES = YES;
				CLANG_ENABLE_OBJC_ARC = YES;
				CLANG_ENABLE_OBJC_WEAK = YES;
				CLANG_WARN_BLOCK_CAPTURE_AUTORELEASING = YES;
				CLANG_WARN_BOOL_CONVERSION = YES;
				CLANG_WARN_COMMA = YES;
				CLANG_WARN_CONSTANT_CONVERSION = YES;
				CLANG_WARN_DEPRECATED_OBJC_IMPLEMENTATIONS = YES;
				CLANG_WARN_DIRECT_OBJC_ISA_USAGE = YES_ERROR;
				CLANG_WARN_DOCUMENTATION_COMMENTS = YES;
				CLANG_WARN_EMPTY_BODY = YES;
				CLANG_WARN_ENUM_CONVERSION = YES;
				CLANG_WARN_INFINITE_RECURSION = YES;
				CLANG_WARN_INT_CONVERSION = YES;
				CLANG_WARN_NON_LITERAL_NULL_CONVERSION = YES;
				CLANG_WARN_OBJC_IMPLICIT_RETAIN_SELF = YES;
				CLANG_WARN_OBJC_LITERAL_CONVERSION = YES;
				CLANG_WARN_OBJC_ROOT_CLASS = YES_ERROR;
				CLANG_WARN_QUOTED_INCLUDE_IN_FRAMEWORK_HEADER = YES;
				CLANG_WARN_RANGE_LOOP_ANALYSIS = YES;
				CLANG_WARN_STRICT_PROTOTYPES = YES;
				CLANG_WARN_SUSPICIOUS_MOVE = YES;
				CLANG_WARN_UNGUARDED_AVAILABILITY = YES_AGGRESSIVE;
				CLANG_WARN_UNREACHABLE_CODE = YES;
				CLANG_WARN__DUPLICATE_METHOD_MATCH = YES;
				COPY_PHASE_STRIP = NO;
				DEBUG_INFORMATION_FORMAT = dwarf;
				ENABLE_STRICT_OBJC_MSGSEND = YES;
				ENABLE_TESTABILITY = YES;
				GCC_C_LANGUAGE_STANDARD = gnu11;
				GCC_DYNAMIC_NO_PIC = NO;
				GCC_NO_COMMON_BLOCKS = YES;
				GCC_OPTIMIZATION_LEVEL = 0;
				GCC_PREPROCESSOR_DEFINITIONS = (
					"DEBUG=1",
					"$(inherited)",
				);
				GCC_WARN_64_TO_32_BIT_CONVERSION = YES;
				GCC_WARN_ABOUT_RETURN_TYPE = YES_ERROR;
				GCC_WARN_UNDECLARED_SELECTOR = YES;
				GCC_WARN_UNINITIALIZED_AUTOS = YES_AGGRESSIVE;
				GCC_WARN_UNUSED_FUNCTION = YES;
				GCC_WARN_UNUSED_VARIABLE = YES;
				IPHONEOS_DEPLOYMENT_TARGET = 15.2;
				MTL_ENABLE_DEBUG_INFO = INCLUDE_SOURCE;
				MTL_FAST_MATH = YES;
				ONLY_ACTIVE_ARCH = YES;
				SDKROOT = iphoneos;
				SWIFT_ACTIVE_COMPILATION_CONDITIONS = DEBUG;
				SWIFT_OPTIMIZATION_LEVEL = "-Onone";
			};
			name = Debug;
		};
		358CC7952871ECFE008D775F /* Release */ = {
			isa = XCBuildConfiguration;
			buildSettings = {
				ALWAYS_SEARCH_USER_PATHS = NO;
				CLANG_ANALYZER_NONNULL = YES;
				CLANG_ANALYZER_NUMBER_OBJECT_CONVERSION = YES_AGGRESSIVE;
				CLANG_CXX_LANGUAGE_STANDARD = "gnu++17";
				CLANG_CXX_LIBRARY = "libc++";
				CLANG_ENABLE_MODULES = YES;
				CLANG_ENABLE_OBJC_ARC = YES;
				CLANG_ENABLE_OBJC_WEAK = YES;
				CLANG_WARN_BLOCK_CAPTURE_AUTORELEASING = YES;
				CLANG_WARN_BOOL_CONVERSION = YES;
				CLANG_WARN_COMMA = YES;
				CLANG_WARN_CONSTANT_CONVERSION = YES;
				CLANG_WARN_DEPRECATED_OBJC_IMPLEMENTATIONS = YES;
				CLANG_WARN_DIRECT_OBJC_ISA_USAGE = YES_ERROR;
				CLANG_WARN_DOCUMENTATION_COMMENTS = YES;
				CLANG_WARN_EMPTY_BODY = YES;
				CLANG_WARN_ENUM_CONVERSION = YES;
				CLANG_WARN_INFINITE_RECURSION = YES;
				CLANG_WARN_INT_CONVERSION = YES;
				CLANG_WARN_NON_LITERAL_NULL_CONVERSION = YES;
				CLANG_WARN_OBJC_IMPLICIT_RETAIN_SELF = YES;
				CLANG_WARN_OBJC_LITERAL_CONVERSION = YES;
				CLANG_WARN_OBJC_ROOT_CLASS = YES_ERROR;
				CLANG_WARN_QUOTED_INCLUDE_IN_FRAMEWORK_HEADER = YES;
				CLANG_WARN_RANGE_LOOP_ANALYSIS = YES;
				CLANG_WARN_STRICT_PROTOTYPES = YES;
				CLANG_WARN_SUSPICIOUS_MOVE = YES;
				CLANG_WARN_UNGUARDED_AVAILABILITY = YES_AGGRESSIVE;
				CLANG_WARN_UNREACHABLE_CODE = YES;
				CLANG_WARN__DUPLICATE_METHOD_MATCH = YES;
				COPY_PHASE_STRIP = NO;
				DEBUG_INFORMATION_FORMAT = "dwarf-with-dsym";
				ENABLE_NS_ASSERTIONS = NO;
				ENABLE_STRICT_OBJC_MSGSEND = YES;
				GCC_C_LANGUAGE_STANDARD = gnu11;
				GCC_NO_COMMON_BLOCKS = YES;
				GCC_WARN_64_TO_32_BIT_CONVERSION = YES;
				GCC_WARN_ABOUT_RETURN_TYPE = YES_ERROR;
				GCC_WARN_UNDECLARED_SELECTOR = YES;
				GCC_WARN_UNINITIALIZED_AUTOS = YES_AGGRESSIVE;
				GCC_WARN_UNUSED_FUNCTION = YES;
				GCC_WARN_UNUSED_VARIABLE = YES;
				IPHONEOS_DEPLOYMENT_TARGET = 15.2;
				MTL_ENABLE_DEBUG_INFO = NO;
				MTL_FAST_MATH = YES;
				SDKROOT = iphoneos;
				SWIFT_COMPILATION_MODE = wholemodule;
				SWIFT_OPTIMIZATION_LEVEL = "-O";
				VALIDATE_PRODUCT = YES;
			};
			name = Release;
		};
		358CC7972871ECFE008D775F /* Debug */ = {
			isa = XCBuildConfiguration;
			buildSettings = {
				ASSETCATALOG_COMPILER_APPICON_NAME = AppIcon;
				ASSETCATALOG_COMPILER_GLOBAL_ACCENT_COLOR_NAME = AccentColor;
				CODE_SIGN_STYLE = Automatic;
				CURRENT_PROJECT_VERSION = 1;
				GENERATE_INFOPLIST_FILE = YES;
				INFOPLIST_FILE = "Photo Album Browser/Info.plist";
				INFOPLIST_KEY_UIApplicationSupportsIndirectInputEvents = YES;
				INFOPLIST_KEY_UILaunchStoryboardName = LaunchScreen;
				INFOPLIST_KEY_UIMainStoryboardFile = Main;
				INFOPLIST_KEY_UISupportedInterfaceOrientations_iPad = "UIInterfaceOrientationPortrait UIInterfaceOrientationPortraitUpsideDown UIInterfaceOrientationLandscapeLeft UIInterfaceOrientationLandscapeRight";
				INFOPLIST_KEY_UISupportedInterfaceOrientations_iPhone = "UIInterfaceOrientationPortrait UIInterfaceOrientationLandscapeLeft UIInterfaceOrientationLandscapeRight";
				LD_RUNPATH_SEARCH_PATHS = (
					"$(inherited)",
					"@executable_path/Frameworks",
				);
				MARKETING_VERSION = 1.0;
				PRODUCT_BUNDLE_IDENTIFIER = "ru.hms-kkm.Photo-Album-Browser";
				PRODUCT_NAME = "$(TARGET_NAME)";
				SWIFT_EMIT_LOC_STRINGS = YES;
				SWIFT_VERSION = 5.0;
				TARGETED_DEVICE_FAMILY = "1,2";
			};
			name = Debug;
		};
		358CC7982871ECFE008D775F /* Release */ = {
			isa = XCBuildConfiguration;
			buildSettings = {
				ASSETCATALOG_COMPILER_APPICON_NAME = AppIcon;
				ASSETCATALOG_COMPILER_GLOBAL_ACCENT_COLOR_NAME = AccentColor;
				CODE_SIGN_STYLE = Automatic;
				CURRENT_PROJECT_VERSION = 1;
				GENERATE_INFOPLIST_FILE = YES;
				INFOPLIST_FILE = "Photo Album Browser/Info.plist";
				INFOPLIST_KEY_UIApplicationSupportsIndirectInputEvents = YES;
				INFOPLIST_KEY_UILaunchStoryboardName = LaunchScreen;
				INFOPLIST_KEY_UIMainStoryboardFile = Main;
				INFOPLIST_KEY_UISupportedInterfaceOrientations_iPad = "UIInterfaceOrientationPortrait UIInterfaceOrientationPortraitUpsideDown UIInterfaceOrientationLandscapeLeft UIInterfaceOrientationLandscapeRight";
				INFOPLIST_KEY_UISupportedInterfaceOrientations_iPhone = "UIInterfaceOrientationPortrait UIInterfaceOrientationLandscapeLeft UIInterfaceOrientationLandscapeRight";
				LD_RUNPATH_SEARCH_PATHS = (
					"$(inherited)",
					"@executable_path/Frameworks",
				);
				MARKETING_VERSION = 1.0;
				PRODUCT_BUNDLE_IDENTIFIER = "ru.hms-kkm.Photo-Album-Browser";
				PRODUCT_NAME = "$(TARGET_NAME)";
				SWIFT_EMIT_LOC_STRINGS = YES;
				SWIFT_VERSION = 5.0;
				TARGETED_DEVICE_FAMILY = "1,2";
			};
			name = Release;
		};
/* End XCBuildConfiguration section */

/* Begin XCConfigurationList section */
		358CC77D2871ECFC008D775F /* Build configuration list for PBXProject "Photo Album Browser" */ = {
			isa = XCConfigurationList;
			buildConfigurations = (
				358CC7942871ECFE008D775F /* Debug */,
				358CC7952871ECFE008D775F /* Release */,
			);
			defaultConfigurationIsVisible = 0;
			defaultConfigurationName = Release;
		};
		358CC7962871ECFE008D775F /* Build configuration list for PBXNativeTarget "Photo Album Browser" */ = {
			isa = XCConfigurationList;
			buildConfigurations = (
				358CC7972871ECFE008D775F /* Debug */,
				358CC7982871ECFE008D775F /* Release */,
			);
			defaultConfigurationIsVisible = 0;
			defaultConfigurationName = Release;
		};
/* End XCConfigurationList section */
	};
	rootObject = 358CC77A2871ECFC008D775F /* Project object */;
}
